
Microsoft Visual Studio Solution File, Format Version 12.00
# Visual Studio Version 17
VisualStudioVersion = 17.7.34221.43
MinimumVisualStudioVersion = 10.0.40219.1
Project("{FAE04EC0-301F-11D3-BF4B-00C04F79EFBC}") = "Serv-Negocio", "Serv-Negocio.csproj", "{394841DF-B088-431C-9D0B-111DEF70B3F0}"
EndProject
Global
	GlobalSection(SolutionConfigurationPlatforms) = preSolution
		Debug|Any CPU = Debug|Any CPU
		Release|Any CPU = Release|Any CPU
	EndGlobalSection
	GlobalSection(ProjectConfigurationPlatforms) = postSolution
		{394841DF-B088-431C-9D0B-111DEF70B3F0}.Debug|Any CPU.ActiveCfg = Debug|Any CPU
		{394841DF-B088-431C-9D0B-111DEF70B3F0}.Debug|Any CPU.Build.0 = Debug|Any CPU
		{394841DF-B088-431C-9D0B-111DEF70B3F0}.Release|Any CPU.ActiveCfg = Release|Any CPU
		{394841DF-B088-431C-9D0B-111DEF70B3F0}.Release|Any CPU.Build.0 = Release|Any CPU
	EndGlobalSection
	GlobalSection(SolutionProperties) = preSolution
		HideSolutionNode = FALSE
	EndGlobalSection
	GlobalSection(ExtensibilityGlobals) = postSolution
		SolutionGuid = {2928DD2A-8693-4BC4-A570-3CA7D22A4D7B}
	EndGlobalSection
EndGlobal
