
Microsoft Visual Studio Solution File, Format Version 12.00
# Visual Studio Version 17
VisualStudioVersion = 17.7.34221.43
MinimumVisualStudioVersion = 10.0.40219.1
Project("{2150E333-8FDC-42A3-9474-1A3956D46DE8}") = "1-Data", "1-Data", "{9A946543-2AC0-40B6-B625-6506FAA147F7}"
EndProject
Project("{9A19103F-16F7-4668-BE54-9A1E7A4F7556}") = "Data", "..\Data\Data.csproj", "{FCE40213-FD40-477A-BE67-E6D8ED395B30}"
EndProject
Project("{2150E333-8FDC-42A3-9474-1A3956D46DE8}") = "2-Entity", "2-Entity", "{AE8904EB-417C-4929-96D3-8604ECFA956D}"
EndProject
Project("{FAE04EC0-301F-11D3-BF4B-00C04F79EFBC}") = "Entity", "Entity\Entity.csproj", "{2F92A01F-797F-4F5E-BD98-198DFD0D789E}"
EndProject
Project("{2150E333-8FDC-42A3-9474-1A3956D46DE8}") = "3-Services", "3-Services", "{B48A2540-1BA6-4204-B9DA-EC5B41B243AF}"
EndProject
Project("{FAE04EC0-301F-11D3-BF4B-00C04F79EFBC}") = "Services", "Buisnes\Services.csproj", "{0CDCA32D-8259-4E3B-8187-9A28F86B6079}"
EndProject
Project("{2150E333-8FDC-42A3-9474-1A3956D46DE8}") = "4-Middlewares", "4-Middlewares", "{D6A430A5-2EFF-439D-A40C-DB0D834AC0F4}"
EndProject
Project("{FAE04EC0-301F-11D3-BF4B-00C04F79EFBC}") = "Middlewares", "Middlewares\Middlewares.csproj", "{3B77CC3E-436A-41A1-B24B-5E9CDD1E570C}"
EndProject
Project("{2150E333-8FDC-42A3-9474-1A3956D46DE8}") = "5-Controllers", "5-Controllers", "{C79E79FC-937B-4EA1-8BBE-19841EF0E6A2}"
EndProject
Project("{FAE04EC0-301F-11D3-BF4B-00C04F79EFBC}") = "Controllers", "Controllers\Controllers.csproj", "{1FD19FA5-FAA3-40D4-A075-F7ACCB4AABC5}"
EndProject
Global
	GlobalSection(SolutionConfigurationPlatforms) = preSolution
		Debug|Any CPU = Debug|Any CPU
		Release|Any CPU = Release|Any CPU
	EndGlobalSection
	GlobalSection(ProjectConfigurationPlatforms) = postSolution
		{FCE40213-FD40-477A-BE67-E6D8ED395B30}.Debug|Any CPU.ActiveCfg = Debug|Any CPU
		{FCE40213-FD40-477A-BE67-E6D8ED395B30}.Debug|Any CPU.Build.0 = Debug|Any CPU
		{FCE40213-FD40-477A-BE67-E6D8ED395B30}.Release|Any CPU.ActiveCfg = Release|Any CPU
		{FCE40213-FD40-477A-BE67-E6D8ED395B30}.Release|Any CPU.Build.0 = Release|Any CPU
		{2F92A01F-797F-4F5E-BD98-198DFD0D789E}.Debug|Any CPU.ActiveCfg = Debug|Any CPU
		{2F92A01F-797F-4F5E-BD98-198DFD0D789E}.Debug|Any CPU.Build.0 = Debug|Any CPU
		{2F92A01F-797F-4F5E-BD98-198DFD0D789E}.Release|Any CPU.ActiveCfg = Release|Any CPU
		{2F92A01F-797F-4F5E-BD98-198DFD0D789E}.Release|Any CPU.Build.0 = Release|Any CPU
		{0CDCA32D-8259-4E3B-8187-9A28F86B6079}.Debug|Any CPU.ActiveCfg = Debug|Any CPU
		{0CDCA32D-8259-4E3B-8187-9A28F86B6079}.Debug|Any CPU.Build.0 = Debug|Any CPU
		{0CDCA32D-8259-4E3B-8187-9A28F86B6079}.Release|Any CPU.ActiveCfg = Release|Any CPU
		{0CDCA32D-8259-4E3B-8187-9A28F86B6079}.Release|Any CPU.Build.0 = Release|Any CPU
		{3B77CC3E-436A-41A1-B24B-5E9CDD1E570C}.Debug|Any CPU.ActiveCfg = Debug|Any CPU
		{3B77CC3E-436A-41A1-B24B-5E9CDD1E570C}.Debug|Any CPU.Build.0 = Debug|Any CPU
		{3B77CC3E-436A-41A1-B24B-5E9CDD1E570C}.Release|Any CPU.ActiveCfg = Release|Any CPU
		{3B77CC3E-436A-41A1-B24B-5E9CDD1E570C}.Release|Any CPU.Build.0 = Release|Any CPU
		{1FD19FA5-FAA3-40D4-A075-F7ACCB4AABC5}.Debug|Any CPU.ActiveCfg = Debug|Any CPU
		{1FD19FA5-FAA3-40D4-A075-F7ACCB4AABC5}.Debug|Any CPU.Build.0 = Debug|Any CPU
		{1FD19FA5-FAA3-40D4-A075-F7ACCB4AABC5}.Release|Any CPU.ActiveCfg = Release|Any CPU
		{1FD19FA5-FAA3-40D4-A075-F7ACCB4AABC5}.Release|Any CPU.Build.0 = Release|Any CPU
	EndGlobalSection
	GlobalSection(SolutionProperties) = preSolution
		HideSolutionNode = FALSE
	EndGlobalSection
	GlobalSection(NestedProjects) = preSolution
		{FCE40213-FD40-477A-BE67-E6D8ED395B30} = {9A946543-2AC0-40B6-B625-6506FAA147F7}
		{2F92A01F-797F-4F5E-BD98-198DFD0D789E} = {AE8904EB-417C-4929-96D3-8604ECFA956D}
		{0CDCA32D-8259-4E3B-8187-9A28F86B6079} = {B48A2540-1BA6-4204-B9DA-EC5B41B243AF}
		{3B77CC3E-436A-41A1-B24B-5E9CDD1E570C} = {D6A430A5-2EFF-439D-A40C-DB0D834AC0F4}
		{1FD19FA5-FAA3-40D4-A075-F7ACCB4AABC5} = {C79E79FC-937B-4EA1-8BBE-19841EF0E6A2}
	EndGlobalSection
	GlobalSection(ExtensibilityGlobals) = postSolution
		SolutionGuid = {B3022D1F-186D-4DF0-B067-AC7F8EAA342C}
	EndGlobalSection
EndGlobal
